
Microsoft Visual Studio Solution File, Format Version 9.00
# Visual Studio 2005
Project("{FAE04EC0-301F-11D3-BF4B-00C04F79EFBC}") = "D8_ULtralight", "D8_ULtralight.csproj", "{C7372DFE-74B7-4E47-BD86-2F295878BF4B}"
EndProject
Global
	GlobalSection(SolutionConfigurationPlatforms) = preSolution
		Debug|Any CPU = Debug|Any CPU
		Release|Any CPU = Release|Any CPU
	EndGlobalSection
	GlobalSection(ProjectConfigurationPlatforms) = postSolution
		{C7372DFE-74B7-4E47-BD86-2F295878BF4B}.Debug|Any CPU.ActiveCfg = Debug|Any CPU
		{C7372DFE-74B7-4E47-BD86-2F295878BF4B}.Debug|Any CPU.Build.0 = Debug|Any CPU
		{C7372DFE-74B7-4E47-BD86-2F295878BF4B}.Release|Any CPU.ActiveCfg = Release|Any CPU
		{C7372DFE-74B7-4E47-BD86-2F295878BF4B}.Release|Any CPU.Build.0 = Release|Any CPU
	EndGlobalSection
	GlobalSection(SolutionProperties) = preSolution
		HideSolutionNode = FALSE
	EndGlobalSection
EndGlobal
